{
  "name": "another-me",
  "version": "0.1.0",
  "lockfileVersion": 3,
  "requires": true,
  "packages": {
    "": {
      "name": "another-me",
      "version": "0.1.0",
      "hasInstallScript": true,
      "license": "ISC",
      "dependencies": {
        "@dcloudio/uni-ui": "^1.5.11"
      },
      "devDependencies": {
        "@dcloudio/types": "^3.4.31"
      }
    },
    "node_modules/@dcloudio/types": {
      "version": "3.4.31",
      "resolved": "https://registry.npmmirror.com/@dcloudio/types/-/types-3.4.31.tgz",
      "integrity": "sha512-YAqOfJpcAwMs4Fagv2oP+iRHSCJOJoN8JUYyoRD6gwfANhsI9QaYj4/j22FzSopfHkqjX50B7YkG/VRAyz9OnA==",
      "dev": true,
      "license": "Apache-2.0"
    },
    "node_modules/@dcloudio/uni-ui": {
      "version": "1.5.11",
      "resolved": "https://registry.npmmirror.com/@dcloudio/uni-ui/-/uni-ui-1.5.11.tgz",
      "integrity": "sha512-DBtk046ofmeFd82zRI7d89SoEwrAxYzUN3WVPm1DIBkpLPG5F5QDNkHMnZGu2wNrMEmGBjBpUh3vqEY1L3jaMw==",
      "license": "Apache-2.0"
    }
  }
}
